// !$*UTF8*$!
{
	archiveVersion = 1;
	classes = {
	};
	objectVersion = 50;
	objects = {

/* Begin PBXBuildFile section */
		01A42F2B23A60ABB006E7C1B /* AppDelegate.swift in Sources */ = {isa = PBXBuildFile; fileRef = 01A42F2A23A60ABB006E7C1B /* AppDelegate.swift */; };
		01A42F2D23A60ABB006E7C1B /* SceneDelegate.swift in Sources */ = {isa = PBXBuildFile; fileRef = 01A42F2C23A60ABB006E7C1B /* SceneDelegate.swift */; };
		01A42F2F23A60ABB006E7C1B /* CountryDetailsViewController.swift in Sources */ = {isa = PBXBuildFile; fileRef = 01A42F2E23A60ABB006E7C1B /* CountryDetailsViewController.swift */; };
		01A42F3423A60ABD006E7C1B /* Assets.xcassets in Resources */ = {isa = PBXBuildFile; fileRef = 01A42F3323A60ABD006E7C1B /* Assets.xcassets */; };
		01A42F3723A60ABD006E7C1B /* LaunchScreen.storyboard in Resources */ = {isa = PBXBuildFile; fileRef = 01A42F3523A60ABD006E7C1B /* LaunchScreen.storyboard */; };
		01A42F4223A60ABE006E7C1B /* CountryInformationTests.swift in Sources */ = {isa = PBXBuildFile; fileRef = 01A42F4123A60ABE006E7C1B /* CountryInformationTests.swift */; };
		01A42F4D23A60ABE006E7C1B /* CountryInformationUITests.swift in Sources */ = {isa = PBXBuildFile; fileRef = 01A42F4C23A60ABE006E7C1B /* CountryInformationUITests.swift */; };
/* End PBXBuildFile section */

/* Begin PBXContainerItemProxy section */
		01A42F3E23A60ABE006E7C1B /* PBXContainerItemProxy */ = {
			isa = PBXContainerItemProxy;
			containerPortal = 01A42F1F23A60ABB006E7C1B /* Project object */;
			proxyType = 1;
			remoteGlobalIDString = 01A42F2623A60ABB006E7C1B;
			remoteInfo = CountryInformation;
		};
		01A42F4923A60ABE006E7C1B /* PBXContainerItemProxy */ = {
			isa = PBXContainerItemProxy;
			containerPortal = 01A42F1F23A60ABB006E7C1B /* Project object */;
			proxyType = 1;
			remoteGlobalIDString = 01A42F2623A60ABB006E7C1B;
			remoteInfo = CountryInformation;
		};
/* End PBXContainerItemProxy section */

/* Begin PBXFileReference section */
		01A42F2723A60ABB006E7C1B /* CountryInformation.app */ = {isa = PBXFileReference; explicitFileType = wrapper.application; includeInIndex = 0; path = CountryInformation.app; sourceTree = BUILT_PRODUCTS_DIR; };
		01A42F2A23A60ABB006E7C1B /* AppDelegate.swift */ = {isa = PBXFileReference; lastKnownFileType = sourcecode.swift; path = AppDelegate.swift; sourceTree = "<group>"; };
		01A42F2C23A60ABB006E7C1B /* SceneDelegate.swift */ = {isa = PBXFileReference; lastKnownFileType = sourcecode.swift; path = SceneDelegate.swift; sourceTree = "<group>"; };
		01A42F2E23A60ABB006E7C1B /* CountryDetailsViewController.swift */ = {isa = PBXFileReference; lastKnownFileType = sourcecode.swift; path = CountryDetailsViewController.swift; sourceTree = "<group>"; };
		01A42F3323A60ABD006E7C1B /* Assets.xcassets */ = {isa = PBXFileReference; lastKnownFileType = folder.assetcatalog; path = Assets.xcassets; sourceTree = "<group>"; };
		01A42F3623A60ABD006E7C1B /* Base */ = {isa = PBXFileReference; lastKnownFileType = file.storyboard; name = Base; path = Base.lproj/LaunchScreen.storyboard; sourceTree = "<group>"; };
		01A42F3823A60ABD006E7C1B /* Info.plist */ = {isa = PBXFileReference; lastKnownFileType = text.plist.xml; path = Info.plist; sourceTree = "<group>"; };
		01A42F3D23A60ABE006E7C1B /* CountryInformationTests.xctest */ = {isa = PBXFileReference; explicitFileType = wrapper.cfbundle; includeInIndex = 0; path = CountryInformationTests.xctest; sourceTree = BUILT_PRODUCTS_DIR; };
		01A42F4123A60ABE006E7C1B /* CountryInformationTests.swift */ = {isa = PBXFileReference; lastKnownFileType = sourcecode.swift; path = CountryInformationTests.swift; sourceTree = "<group>"; };
		01A42F4323A60ABE006E7C1B /* Info.plist */ = {isa = PBXFileReference; lastKnownFileType = text.plist.xml; path = Info.plist; sourceTree = "<group>"; };
		01A42F4823A60ABE006E7C1B /* CountryInformationUITests.xctest */ = {isa = PBXFileReference; explicitFileType = wrapper.cfbundle; includeInIndex = 0; path = CountryInformationUITests.xctest; sourceTree = BUILT_PRODUCTS_DIR; };
		01A42F4C23A60ABE006E7C1B /* CountryInformationUITests.swift */ = {isa = PBXFileReference; lastKnownFileType = sourcecode.swift; path = CountryInformationUITests.swift; sourceTree = "<group>"; };
		01A42F4E23A60ABE006E7C1B /* Info.plist */ = {isa = PBXFileReference; lastKnownFileType = text.plist.xml; path = Info.plist; sourceTree = "<group>"; };
/* End PBXFileReference section */

/* Begin PBXFrameworksBuildPhase section */
		01A42F2423A60ABB006E7C1B /* Frameworks */ = {
			isa = PBXFrameworksBuildPhase;
			buildActionMask = 2147483647;
			files = (
			);
			runOnlyForDeploymentPostprocessing = 0;
		};
		01A42F3A23A60ABE006E7C1B /* Frameworks */ = {
			isa = PBXFrameworksBuildPhase;
			buildActionMask = 2147483647;
			files = (
			);
			runOnlyForDeploymentPostprocessing = 0;
		};
		01A42F4523A60ABE006E7C1B /* Frameworks */ = {
			isa = PBXFrameworksBuildPhase;
			buildActionMask = 2147483647;
			files = (
			);
			runOnlyForDeploymentPostprocessing = 0;
		};
/* End PBXFrameworksBuildPhase section */

/* Begin PBXGroup section */
		01A42F1E23A60ABB006E7C1B = {
			isa = PBXGroup;
			children = (
				01A42F2923A60ABB006E7C1B /* CountryInformation */,
				01A42F4023A60ABE006E7C1B /* CountryInformationTests */,
				01A42F4B23A60ABE006E7C1B /* CountryInformationUITests */,
				01A42F2823A60ABB006E7C1B /* Products */,
			);
			sourceTree = "<group>";
		};
		01A42F2823A60ABB006E7C1B /* Products */ = {
			isa = PBXGroup;
			children = (
				01A42F2723A60ABB006E7C1B /* CountryInformation.app */,
				01A42F3D23A60ABE006E7C1B /* CountryInformationTests.xctest */,
				01A42F4823A60ABE006E7C1B /* CountryInformationUITests.xctest */,
			);
			name = Products;
			sourceTree = "<group>";
		};
		01A42F2923A60ABB006E7C1B /* CountryInformation */ = {
			isa = PBXGroup;
			children = (
				01A42F5A23A60CA4006E7C1B /* ViewController */,
				01A42F2A23A60ABB006E7C1B /* AppDelegate.swift */,
				01A42F2C23A60ABB006E7C1B /* SceneDelegate.swift */,
				01A42F3323A60ABD006E7C1B /* Assets.xcassets */,
				01A42F3523A60ABD006E7C1B /* LaunchScreen.storyboard */,
				01A42F3823A60ABD006E7C1B /* Info.plist */,
			);
			path = CountryInformation;
			sourceTree = "<group>";
		};
		01A42F4023A60ABE006E7C1B /* CountryInformationTests */ = {
			isa = PBXGroup;
			children = (
				01A42F4123A60ABE006E7C1B /* CountryInformationTests.swift */,
				01A42F4323A60ABE006E7C1B /* Info.plist */,
			);
			path = CountryInformationTests;
			sourceTree = "<group>";
		};
		01A42F4B23A60ABE006E7C1B /* CountryInformationUITests */ = {
			isa = PBXGroup;
			children = (
				01A42F4C23A60ABE006E7C1B /* CountryInformationUITests.swift */,
				01A42F4E23A60ABE006E7C1B /* Info.plist */,
			);
			path = CountryInformationUITests;
			sourceTree = "<group>";
		};
		01A42F5A23A60CA4006E7C1B /* ViewController */ = {
			isa = PBXGroup;
			children = (
				01A42F2E23A60ABB006E7C1B /* CountryDetailsViewController.swift */,
			);
			path = ViewController;
			sourceTree = "<group>";
		};
/* End PBXGroup section */

/* Begin PBXNativeTarget section */
		01A42F2623A60ABB006E7C1B /* CountryInformation */ = {
			isa = PBXNativeTarget;
			buildConfigurationList = 01A42F5123A60ABE006E7C1B /* Build configuration list for PBXNativeTarget "CountryInformation" */;
			buildPhases = (
				01A42F2323A60ABB006E7C1B /* Sources */,
				01A42F2423A60ABB006E7C1B /* Frameworks */,
				01A42F2523A60ABB006E7C1B /* Resources */,
			);
			buildRules = (
			);
			dependencies = (
			);
			name = CountryInformation;
			productName = CountryInformation;
			productReference = 01A42F2723A60ABB006E7C1B /* CountryInformation.app */;
			productType = "com.apple.product-type.application";
		};
		01A42F3C23A60ABE006E7C1B /* CountryInformationTests */ = {
			isa = PBXNativeTarget;
			buildConfigurationList = 01A42F5423A60ABE006E7C1B /* Build configuration list for PBXNativeTarget "CountryInformationTests" */;
			buildPhases = (
				01A42F3923A60ABE006E7C1B /* Sources */,
				01A42F3A23A60ABE006E7C1B /* Frameworks */,
				01A42F3B23A60ABE006E7C1B /* Resources */,
			);
			buildRules = (
			);
			dependencies = (
				01A42F3F23A60ABE006E7C1B /* PBXTargetDependency */,
			);
			name = CountryInformationTests;
			productName = CountryInformationTests;
			productReference = 01A42F3D23A60ABE006E7C1B /* CountryInformationTests.xctest */;
			productType = "com.apple.product-type.bundle.unit-test";
		};
		01A42F4723A60ABE006E7C1B /* CountryInformationUITests */ = {
			isa = PBXNativeTarget;
			buildConfigurationList = 01A42F5723A60ABE006E7C1B /* Build configuration list for PBXNativeTarget "CountryInformationUITests" */;
			buildPhases = (
				01A42F4423A60ABE006E7C1B /* Sources */,
				01A42F4523A60ABE006E7C1B /* Frameworks */,
				01A42F4623A60ABE006E7C1B /* Resources */,
			);
			buildRules = (
			);
			dependencies = (
				01A42F4A23A60ABE006E7C1B /* PBXTargetDependency */,
			);
			name = CountryInformationUITests;
			productName = CountryInformationUITests;
			productReference = 01A42F4823A60ABE006E7C1B /* CountryInformationUITests.xctest */;
			productType = "com.apple.product-type.bundle.ui-testing";
		};
/* End PBXNativeTarget section */

/* Begin PBXProject section */
		01A42F1F23A60ABB006E7C1B /* Project object */ = {
			isa = PBXProject;
			attributes = {
				LastSwiftUpdateCheck = 1110;
				LastUpgradeCheck = 1110;
				ORGANIZATIONNAME = Personal;
				TargetAttributes = {
					01A42F2623A60ABB006E7C1B = {
						CreatedOnToolsVersion = 11.1;
					};
					01A42F3C23A60ABE006E7C1B = {
						CreatedOnToolsVersion = 11.1;
						TestTargetID = 01A42F2623A60ABB006E7C1B;
					};
					01A42F4723A60ABE006E7C1B = {
						CreatedOnToolsVersion = 11.1;
						TestTargetID = 01A42F2623A60ABB006E7C1B;
					};
				};
			};
			buildConfigurationList = 01A42F2223A60ABB006E7C1B /* Build configuration list for PBXProject "CountryInformation" */;
			compatibilityVersion = "Xcode 9.3";
			developmentRegion = en;
			hasScannedForEncodings = 0;
			knownRegions = (
				en,
				Base,
			);
			mainGroup = 01A42F1E23A60ABB006E7C1B;
			productRefGroup = 01A42F2823A60ABB006E7C1B /* Products */;
			projectDirPath = "";
			projectRoot = "";
			targets = (
				01A42F2623A60ABB006E7C1B /* CountryInformation */,
				01A42F3C23A60ABE006E7C1B /* CountryInformationTests */,
				01A42F4723A60ABE006E7C1B /* CountryInformationUITests */,
			);
		};
/* End PBXProject section */

/* Begin PBXResourcesBuildPhase section */
		01A42F2523A60ABB006E7C1B /* Resources */ = {
			isa = PBXResourcesBuildPhase;
			buildActionMask = 2147483647;
			files = (
				01A42F3723A60ABD006E7C1B /* LaunchScreen.storyboard in Resources */,
				01A42F3423A60ABD006E7C1B /* Assets.xcassets in Resources */,
			);
			runOnlyForDeploymentPostprocessing = 0;
		};
		01A42F3B23A60ABE006E7C1B /* Resources */ = {
			isa = PBXResourcesBuildPhase;
			buildActionMask = 2147483647;
			files = (
			);
			runOnlyForDeploymentPostprocessing = 0;
		};
		01A42F4623A60ABE006E7C1B /* Resources */ = {
			isa = PBXResourcesBuildPhase;
			buildActionMask = 2147483647;
			files = (
			);
			runOnlyForDeploymentPostprocessing = 0;
		};
/* End PBXResourcesBuildPhase section */

/* Begin PBXSourcesBuildPhase section */
		01A42F2323A60ABB006E7C1B /* Sources */ = {
			isa = PBXSourcesBuildPhase;
			buildActionMask = 2147483647;
			files = (
				01A42F2F23A60ABB006E7C1B /* CountryDetailsViewController.swift in Sources */,
				01A42F2B23A60ABB006E7C1B /* AppDelegate.swift in Sources */,
				01A42F2D23A60ABB006E7C1B /* SceneDelegate.swift in Sources */,
			);
			runOnlyForDeploymentPostprocessing = 0;
		};
		01A42F3923A60ABE006E7C1B /* Sources */ = {
			isa = PBXSourcesBuildPhase;
			buildActionMask = 2147483647;
			files = (
				01A42F4223A60ABE006E7C1B /* CountryInformationTests.swift in Sources */,
			);
			runOnlyForDeploymentPostprocessing = 0;
		};
		01A42F4423A60ABE006E7C1B /* Sources */ = {
			isa = PBXSourcesBuildPhase;
			buildActionMask = 2147483647;
			files = (
				01A42F4D23A60ABE006E7C1B /* CountryInformationUITests.swift in Sources */,
			);
			runOnlyForDeploymentPostprocessing = 0;
		};
/* End PBXSourcesBuildPhase section */

/* Begin PBXTargetDependency section */
		01A42F3F23A60ABE006E7C1B /* PBXTargetDependency */ = {
			isa = PBXTargetDependency;
			target = 01A42F2623A60ABB006E7C1B /* CountryInformation */;
			targetProxy = 01A42F3E23A60ABE006E7C1B /* PBXContainerItemProxy */;
		};
		01A42F4A23A60ABE006E7C1B /* PBXTargetDependency */ = {
			isa = PBXTargetDependency;
			target = 01A42F2623A60ABB006E7C1B /* CountryInformation */;
			targetProxy = 01A42F4923A60ABE006E7C1B /* PBXContainerItemProxy */;
		};
/* End PBXTargetDependency section */

/* Begin PBXVariantGroup section */
		01A42F3523A60ABD006E7C1B /* LaunchScreen.storyboard */ = {
			isa = PBXVariantGroup;
			children = (
				01A42F3623A60ABD006E7C1B /* Base */,
			);
			name = LaunchScreen.storyboard;
			sourceTree = "<group>";
		};
/* End PBXVariantGroup section */

/* Begin XCBuildConfiguration section */
		01A42F4F23A60ABE006E7C1B /* Debug */ = {
			isa = XCBuildConfiguration;
			buildSettings = {
				ALWAYS_SEARCH_USER_PATHS = NO;
				CLANG_ANALYZER_NONNULL = YES;
				CLANG_ANALYZER_NUMBER_OBJECT_CONVERSION = YES_AGGRESSIVE;
				CLANG_CXX_LANGUAGE_STANDARD = "gnu++14";
				CLANG_CXX_LIBRARY = "libc++";
				CLANG_ENABLE_MODULES = YES;
				CLANG_ENABLE_OBJC_ARC = YES;
				CLANG_ENABLE_OBJC_WEAK = YES;
				CLANG_WARN_BLOCK_CAPTURE_AUTORELEASING = YES;
				CLANG_WARN_BOOL_CONVERSION = YES;
				CLANG_WARN_COMMA = YES;
				CLANG_WARN_CONSTANT_CONVERSION = YES;
				CLANG_WARN_DEPRECATED_OBJC_IMPLEMENTATIONS = YES;
				CLANG_WARN_DIRECT_OBJC_ISA_USAGE = YES_ERROR;
				CLANG_WARN_DOCUMENTATION_COMMENTS = YES;
				CLANG_WARN_EMPTY_BODY = YES;
				CLANG_WARN_ENUM_CONVERSION = YES;
				CLANG_WARN_INFINITE_RECURSION = YES;
				CLANG_WARN_INT_CONVERSION = YES;
				CLANG_WARN_NON_LITERAL_NULL_CONVERSION = YES;
				CLANG_WARN_OBJC_IMPLICIT_RETAIN_SELF = YES;
				CLANG_WARN_OBJC_LITERAL_CONVERSION = YES;
				CLANG_WARN_OBJC_ROOT_CLASS = YES_ERROR;
				CLANG_WARN_RANGE_LOOP_ANALYSIS = YES;
				CLANG_WARN_STRICT_PROTOTYPES = YES;
				CLANG_WARN_SUSPICIOUS_MOVE = YES;
				CLANG_WARN_UNGUARDED_AVAILABILITY = YES_AGGRESSIVE;
				CLANG_WARN_UNREACHABLE_CODE = YES;
				CLANG_WARN__DUPLICATE_METHOD_MATCH = YES;
				COPY_PHASE_STRIP = NO;
				DEBUG_INFORMATION_FORMAT = dwarf;
				ENABLE_STRICT_OBJC_MSGSEND = YES;
				ENABLE_TESTABILITY = YES;
				GCC_C_LANGUAGE_STANDARD = gnu11;
				GCC_DYNAMIC_NO_PIC = NO;
				GCC_NO_COMMON_BLOCKS = YES;
				GCC_OPTIMIZATION_LEVEL = 0;
				GCC_PREPROCESSOR_DEFINITIONS = (
					"DEBUG=1",
					"$(inherited)",
				);
				GCC_WARN_64_TO_32_BIT_CONVERSION = YES;
				GCC_WARN_ABOUT_RETURN_TYPE = YES_ERROR;
				GCC_WARN_UNDECLARED_SELECTOR = YES;
				GCC_WARN_UNINITIALIZED_AUTOS = YES_AGGRESSIVE;
				GCC_WARN_UNUSED_FUNCTION = YES;
				GCC_WARN_UNUSED_VARIABLE = YES;
				IPHONEOS_DEPLOYMENT_TARGET = 13.1;
				MTL_ENABLE_DEBUG_INFO = INCLUDE_SOURCE;
				MTL_FAST_MATH = YES;
				ONLY_ACTIVE_ARCH = YES;
				SDKROOT = iphoneos;
				SWIFT_ACTIVE_COMPILATION_CONDITIONS = DEBUG;
				SWIFT_OPTIMIZATION_LEVEL = "-Onone";
			};
			name = Debug;
		};
		01A42F5023A60ABE006E7C1B /* Release */ = {
			isa = XCBuildConfiguration;
			buildSettings = {
				ALWAYS_SEARCH_USER_PATHS = NO;
				CLANG_ANALYZER_NONNULL = YES;
				CLANG_ANALYZER_NUMBER_OBJECT_CONVERSION = YES_AGGRESSIVE;
				CLANG_CXX_LANGUAGE_STANDARD = "gnu++14";
				CLANG_CXX_LIBRARY = "libc++";
				CLANG_ENABLE_MODULES = YES;
				CLANG_ENABLE_OBJC_ARC = YES;
				CLANG_ENABLE_OBJC_WEAK = YES;
				CLANG_WARN_BLOCK_CAPTURE_AUTORELEASING = YES;
				CLANG_WARN_BOOL_CONVERSION = YES;
				CLANG_WARN_COMMA = YES;
				CLANG_WARN_CONSTANT_CONVERSION = YES;
				CLANG_WARN_DEPRECATED_OBJC_IMPLEMENTATIONS = YES;
				CLANG_WARN_DIRECT_OBJC_ISA_USAGE = YES_ERROR;
				CLANG_WARN_DOCUMENTATION_COMMENTS = YES;
				CLANG_WARN_EMPTY_BODY = YES;
				CLANG_WARN_ENUM_CONVERSION = YES;
				CLANG_WARN_INFINITE_RECURSION = YES;
				CLANG_WARN_INT_CONVERSION = YES;
				CLANG_WARN_NON_LITERAL_NULL_CONVERSION = YES;
				CLANG_WARN_OBJC_IMPLICIT_RETAIN_SELF = YES;
				CLANG_WARN_OBJC_LITERAL_CONVERSION = YES;
				CLANG_WARN_OBJC_ROOT_CLASS = YES_ERROR;
				CLANG_WARN_RANGE_LOOP_ANALYSIS = YES;
				CLANG_WARN_STRICT_PROTOTYPES = YES;
				CLANG_WARN_SUSPICIOUS_MOVE = YES;
				CLANG_WARN_UNGUARDED_AVAILABILITY = YES_AGGRESSIVE;
				CLANG_WARN_UNREACHABLE_CODE = YES;
				CLANG_WARN__DUPLICATE_METHOD_MATCH = YES;
				COPY_PHASE_STRIP = NO;
				DEBUG_INFORMATION_FORMAT = "dwarf-with-dsym";
				ENABLE_NS_ASSERTIONS = NO;
				ENABLE_STRICT_OBJC_MSGSEND = YES;
				GCC_C_LANGUAGE_STANDARD = gnu11;
				GCC_NO_COMMON_BLOCKS = YES;
				GCC_WARN_64_TO_32_BIT_CONVERSION = YES;
				GCC_WARN_ABOUT_RETURN_TYPE = YES_ERROR;
				GCC_WARN_UNDECLARED_SELECTOR = YES;
				GCC_WARN_UNINITIALIZED_AUTOS = YES_AGGRESSIVE;
				GCC_WARN_UNUSED_FUNCTION = YES;
				GCC_WARN_UNUSED_VARIABLE = YES;
				IPHONEOS_DEPLOYMENT_TARGET = 13.1;
				MTL_ENABLE_DEBUG_INFO = NO;
				MTL_FAST_MATH = YES;
				SDKROOT = iphoneos;
				SWIFT_COMPILATION_MODE = wholemodule;
				SWIFT_OPTIMIZATION_LEVEL = "-O";
				VALIDATE_PRODUCT = YES;
			};
			name = Release;
		};
		01A42F5223A60ABE006E7C1B /* Debug */ = {
			isa = XCBuildConfiguration;
			buildSettings = {
				ASSETCATALOG_COMPILER_APPICON_NAME = AppIcon;
				CODE_SIGN_STYLE = Automatic;
				DEVELOPMENT_TEAM = AVTJYCN862;
				INFOPLIST_FILE = CountryInformation/Info.plist;
				LD_RUNPATH_SEARCH_PATHS = (
					"$(inherited)",
					"@executable_path/Frameworks",
				);
				PRODUCT_BUNDLE_IDENTIFIER = com.countryinformation.CountryInformation;
				PRODUCT_NAME = "$(TARGET_NAME)";
				SWIFT_VERSION = 5.0;
				TARGETED_DEVICE_FAMILY = "1,2";
			};
			name = Debug;
		};
		01A42F5323A60ABE006E7C1B /* Release */ = {
			isa = XCBuildConfiguration;
			buildSettings = {
				ASSETCATALOG_COMPILER_APPICON_NAME = AppIcon;
				CODE_SIGN_STYLE = Automatic;
				DEVELOPMENT_TEAM = AVTJYCN862;
				INFOPLIST_FILE = CountryInformation/Info.plist;
				LD_RUNPATH_SEARCH_PATHS = (
					"$(inherited)",
					"@executable_path/Frameworks",
				);
				PRODUCT_BUNDLE_IDENTIFIER = com.countryinformation.CountryInformation;
				PRODUCT_NAME = "$(TARGET_NAME)";
				SWIFT_VERSION = 5.0;
				TARGETED_DEVICE_FAMILY = "1,2";
			};
			name = Release;
		};
		01A42F5523A60ABE006E7C1B /* Debug */ = {
			isa = XCBuildConfiguration;
			buildSettings = {
				ALWAYS_EMBED_SWIFT_STANDARD_LIBRARIES = YES;
				BUNDLE_LOADER = "$(TEST_HOST)";
				CODE_SIGN_STYLE = Automatic;
				DEVELOPMENT_TEAM = AVTJYCN862;
				INFOPLIST_FILE = CountryInformationTests/Info.plist;
				IPHONEOS_DEPLOYMENT_TARGET = 13.1;
				LD_RUNPATH_SEARCH_PATHS = (
					"$(inherited)",
					"@executable_path/Frameworks",
					"@loader_path/Frameworks",
				);
				PRODUCT_BUNDLE_IDENTIFIER = com.countryinformation.CountryInformationTests;
				PRODUCT_NAME = "$(TARGET_NAME)";
				SWIFT_VERSION = 5.0;
				TARGETED_DEVICE_FAMILY = "1,2";
				TEST_HOST = "$(BUILT_PRODUCTS_DIR)/CountryInformation.app/CountryInformation";
			};
			name = Debug;
		};
		01A42F5623A60ABE006E7C1B /* Release */ = {
			isa = XCBuildConfiguration;
			buildSettings = {
				ALWAYS_EMBED_SWIFT_STANDARD_LIBRARIES = YES;
				BUNDLE_LOADER = "$(TEST_HOST)";
				CODE_SIGN_STYLE = Automatic;
				DEVELOPMENT_TEAM = AVTJYCN862;
				INFOPLIST_FILE = CountryInformationTests/Info.plist;
				IPHONEOS_DEPLOYMENT_TARGET = 13.1;
				LD_RUNPATH_SEARCH_PATHS = (
					"$(inherited)",
					"@executable_path/Frameworks",
					"@loader_path/Frameworks",
				);
				PRODUCT_BUNDLE_IDENTIFIER = com.countryinformation.CountryInformationTests;
				PRODUCT_NAME = "$(TARGET_NAME)";
				SWIFT_VERSION = 5.0;
				TARGETED_DEVICE_FAMILY = "1,2";
				TEST_HOST = "$(BUILT_PRODUCTS_DIR)/CountryInformation.app/CountryInformation";
			};
			name = Release;
		};
		01A42F5823A60ABE006E7C1B /* Debug */ = {
			isa = XCBuildConfiguration;
			buildSettings = {
				ALWAYS_EMBED_SWIFT_STANDARD_LIBRARIES = YES;
				CODE_SIGN_STYLE = Automatic;
				DEVELOPMENT_TEAM = AVTJYCN862;
				INFOPLIST_FILE = CountryInformationUITests/Info.plist;
				LD_RUNPATH_SEARCH_PATHS = (
					"$(inherited)",
					"@executable_path/Frameworks",
					"@loader_path/Frameworks",
				);
				PRODUCT_BUNDLE_IDENTIFIER = com.countryinformation.CountryInformationUITests;
				PRODUCT_NAME = "$(TARGET_NAME)";
				SWIFT_VERSION = 5.0;
				TARGETED_DEVICE_FAMILY = "1,2";
				TEST_TARGET_NAME = CountryInformation;
			};
			name = Debug;
		};
		01A42F5923A60ABE006E7C1B /* Release */ = {
			isa = XCBuildConfiguration;
			buildSettings = {
				ALWAYS_EMBED_SWIFT_STANDARD_LIBRARIES = YES;
				CODE_SIGN_STYLE = Automatic;
				DEVELOPMENT_TEAM = AVTJYCN862;
				INFOPLIST_FILE = CountryInformationUITests/Info.plist;
				LD_RUNPATH_SEARCH_PATHS = (
					"$(inherited)",
					"@executable_path/Frameworks",
					"@loader_path/Frameworks",
				);
				PRODUCT_BUNDLE_IDENTIFIER = com.countryinformation.CountryInformationUITests;
				PRODUCT_NAME = "$(TARGET_NAME)";
				SWIFT_VERSION = 5.0;
				TARGETED_DEVICE_FAMILY = "1,2";
				TEST_TARGET_NAME = CountryInformation;
			};
			name = Release;
		};
/* End XCBuildConfiguration section */

/* Begin XCConfigurationList section */
		01A42F2223A60ABB006E7C1B /* Build configuration list for PBXProject "CountryInformation" */ = {
			isa = XCConfigurationList;
			buildConfigurations = (
				01A42F4F23A60ABE006E7C1B /* Debug */,
				01A42F5023A60ABE006E7C1B /* Release */,
			);
			defaultConfigurationIsVisible = 0;
			defaultConfigurationName = Release;
		};
		01A42F5123A60ABE006E7C1B /* Build configuration list for PBXNativeTarget "CountryInformation" */ = {
			isa = XCConfigurationList;
			buildConfigurations = (
				01A42F5223A60ABE006E7C1B /* Debug */,
				01A42F5323A60ABE006E7C1B /* Release */,
			);
			defaultConfigurationIsVisible = 0;
			defaultConfigurationName = Release;
		};
		01A42F5423A60ABE006E7C1B /* Build configuration list for PBXNativeTarget "CountryInformationTests" */ = {
			isa = XCConfigurationList;
			buildConfigurations = (
				01A42F5523A60ABE006E7C1B /* Debug */,
				01A42F5623A60ABE006E7C1B /* Release */,
			);
			defaultConfigurationIsVisible = 0;
			defaultConfigurationName = Release;
		};
		01A42F5723A60ABE006E7C1B /* Build configuration list for PBXNativeTarget "CountryInformationUITests" */ = {
			isa = XCConfigurationList;
			buildConfigurations = (
				01A42F5823A60ABE006E7C1B /* Debug */,
				01A42F5923A60ABE006E7C1B /* Release */,
			);
			defaultConfigurationIsVisible = 0;
			defaultConfigurationName = Release;
		};
/* End XCConfigurationList section */
	};
	rootObject = 01A42F1F23A60ABB006E7C1B /* Project object */;
}
